
Microsoft Visual Studio Solution File, Format Version 12.00
# Visual Studio Version 16
VisualStudioVersion = 16.0.31410.357
MinimumVisualStudioVersion = 10.0.40219.1
Project("{FAE04EC0-301F-11D3-BF4B-00C04F79EFBC}") = "Dadadadadad", "Dadadadadad\Dadadadadad.csproj", "{52E511CD-B6CD-42A2-BA69-55F23F6491EB}"
EndProject
Global
	GlobalSection(SolutionConfigurationPlatforms) = preSolution
		Debug|Any CPU = Debug|Any CPU
		Release|Any CPU = Release|Any CPU
	EndGlobalSection
	GlobalSection(ProjectConfigurationPlatforms) = postSolution
		{52E511CD-B6CD-42A2-BA69-55F23F6491EB}.Debug|Any CPU.ActiveCfg = Debug|Any CPU
		{52E511CD-B6CD-42A2-BA69-55F23F6491EB}.Debug|Any CPU.Build.0 = Debug|Any CPU
		{52E511CD-B6CD-42A2-BA69-55F23F6491EB}.Release|Any CPU.ActiveCfg = Release|Any CPU
		{52E511CD-B6CD-42A2-BA69-55F23F6491EB}.Release|Any CPU.Build.0 = Release|Any CPU
	EndGlobalSection
	GlobalSection(SolutionProperties) = preSolution
		HideSolutionNode = FALSE
	EndGlobalSection
	GlobalSection(ExtensibilityGlobals) = postSolution
		SolutionGuid = {34A43680-1EB5-4D00-9524-E04B39B0BE84}
	EndGlobalSection
EndGlobal
